
Microsoft Visual Studio Solution File, Format Version 12.00
# Visual Studio Version 16
VisualStudioVersion = 16.0.30523.141
MinimumVisualStudioVersion = 10.0.40219.1
Project("{FAE04EC0-301F-11D3-BF4B-00C04F79EFBC}") = "Restaurant-Angular.UI", "Restaurant-Angular.UI\Restaurant-Angular.UI.csproj", "{31D99239-B0B5-440A-BEC2-A7FE974F40A2}"
EndProject
Project("{FAE04EC0-301F-11D3-BF4B-00C04F79EFBC}") = "Restaurant-Angular.Business", "Restaurant-Angular.Business\Restaurant-Angular.Business.csproj", "{D557F980-5412-40E7-AB37-712CB6EC218D}"
EndProject
Project("{FAE04EC0-301F-11D3-BF4B-00C04F79EFBC}") = "Restaurant-Angular.Data", "Restaurant-Angular.Data\Restaurant-Angular.Data.csproj", "{0EF68852-9601-4F49-97CD-BF33648E395F}"
EndProject
Project("{FAE04EC0-301F-11D3-BF4B-00C04F79EFBC}") = "Restaurant-Angular.Common", "Restaurant-Angular.Common\Restaurant-Angular.Common.csproj", "{C5BA93C2-2DDC-49FF-8110-E59243FE7377}"
EndProject
Global
	GlobalSection(SolutionConfigurationPlatforms) = preSolution
		Debug|Any CPU = Debug|Any CPU
		Release|Any CPU = Release|Any CPU
	EndGlobalSection
	GlobalSection(ProjectConfigurationPlatforms) = postSolution
		{31D99239-B0B5-440A-BEC2-A7FE974F40A2}.Debug|Any CPU.ActiveCfg = Debug|Any CPU
		{31D99239-B0B5-440A-BEC2-A7FE974F40A2}.Debug|Any CPU.Build.0 = Debug|Any CPU
		{31D99239-B0B5-440A-BEC2-A7FE974F40A2}.Release|Any CPU.ActiveCfg = Release|Any CPU
		{31D99239-B0B5-440A-BEC2-A7FE974F40A2}.Release|Any CPU.Build.0 = Release|Any CPU
		{D557F980-5412-40E7-AB37-712CB6EC218D}.Debug|Any CPU.ActiveCfg = Debug|Any CPU
		{D557F980-5412-40E7-AB37-712CB6EC218D}.Debug|Any CPU.Build.0 = Debug|Any CPU
		{D557F980-5412-40E7-AB37-712CB6EC218D}.Release|Any CPU.ActiveCfg = Release|Any CPU
		{D557F980-5412-40E7-AB37-712CB6EC218D}.Release|Any CPU.Build.0 = Release|Any CPU
		{0EF68852-9601-4F49-97CD-BF33648E395F}.Debug|Any CPU.ActiveCfg = Debug|Any CPU
		{0EF68852-9601-4F49-97CD-BF33648E395F}.Debug|Any CPU.Build.0 = Debug|Any CPU
		{0EF68852-9601-4F49-97CD-BF33648E395F}.Release|Any CPU.ActiveCfg = Release|Any CPU
		{0EF68852-9601-4F49-97CD-BF33648E395F}.Release|Any CPU.Build.0 = Release|Any CPU
		{C5BA93C2-2DDC-49FF-8110-E59243FE7377}.Debug|Any CPU.ActiveCfg = Debug|Any CPU
		{C5BA93C2-2DDC-49FF-8110-E59243FE7377}.Debug|Any CPU.Build.0 = Debug|Any CPU
		{C5BA93C2-2DDC-49FF-8110-E59243FE7377}.Release|Any CPU.ActiveCfg = Release|Any CPU
		{C5BA93C2-2DDC-49FF-8110-E59243FE7377}.Release|Any CPU.Build.0 = Release|Any CPU
	EndGlobalSection
	GlobalSection(SolutionProperties) = preSolution
		HideSolutionNode = FALSE
	EndGlobalSection
	GlobalSection(ExtensibilityGlobals) = postSolution
		SolutionGuid = {B79C1EC8-0810-4E15-A515-4B0CE84E0649}
	EndGlobalSection
EndGlobal
